
Microsoft Visual Studio Solution File, Format Version 12.00
# Visual Studio Version 17
VisualStudioVersion = 17.0.31903.59
MinimumVisualStudioVersion = 10.0.40219.1
Project("{FAE04EC0-301F-11D3-BF4B-00C04F79EFBC}") = "firsttest", "firsttest\firsttest.csproj", "{B1E51A63-96CC-4E96-B054-48ADF2CBB738}"
EndProject
Project("{FAE04EC0-301F-11D3-BF4B-00C04F79EFBC}") = "second", "second\second.csproj", "{0B8AB129-9066-4DC3-831A-55BD879C54CB}"
EndProject
Global
	GlobalSection(SolutionConfigurationPlatforms) = preSolution
		Debug|Any CPU = Debug|Any CPU
		Release|Any CPU = Release|Any CPU
	EndGlobalSection
	GlobalSection(SolutionProperties) = preSolution
		HideSolutionNode = FALSE
	EndGlobalSection
	GlobalSection(ProjectConfigurationPlatforms) = postSolution
		{B1E51A63-96CC-4E96-B054-48ADF2CBB738}.Debug|Any CPU.ActiveCfg = Debug|Any CPU
		{B1E51A63-96CC-4E96-B054-48ADF2CBB738}.Debug|Any CPU.Build.0 = Debug|Any CPU
		{B1E51A63-96CC-4E96-B054-48ADF2CBB738}.Release|Any CPU.ActiveCfg = Release|Any CPU
		{B1E51A63-96CC-4E96-B054-48ADF2CBB738}.Release|Any CPU.Build.0 = Release|Any CPU
		{0B8AB129-9066-4DC3-831A-55BD879C54CB}.Debug|Any CPU.ActiveCfg = Debug|Any CPU
		{0B8AB129-9066-4DC3-831A-55BD879C54CB}.Debug|Any CPU.Build.0 = Debug|Any CPU
		{0B8AB129-9066-4DC3-831A-55BD879C54CB}.Release|Any CPU.ActiveCfg = Release|Any CPU
		{0B8AB129-9066-4DC3-831A-55BD879C54CB}.Release|Any CPU.Build.0 = Release|Any CPU
	EndGlobalSection
EndGlobal
