
Microsoft Visual Studio Solution File, Format Version 12.00
# Visual Studio Version 17
VisualStudioVersion = 17.5.002.0
MinimumVisualStudioVersion = 10.0.40219.1
Project("{9A19103F-16F7-4668-BE54-9A1E7A4F7556}") = "second", "second.csproj", "{57574EBB-504B-4465-9D00-0AF2F594D1BD}"
EndProject
Global
	GlobalSection(SolutionConfigurationPlatforms) = preSolution
		Debug|Any CPU = Debug|Any CPU
		Release|Any CPU = Release|Any CPU
	EndGlobalSection
	GlobalSection(ProjectConfigurationPlatforms) = postSolution
		{57574EBB-504B-4465-9D00-0AF2F594D1BD}.Debug|Any CPU.ActiveCfg = Debug|Any CPU
		{57574EBB-504B-4465-9D00-0AF2F594D1BD}.Debug|Any CPU.Build.0 = Debug|Any CPU
		{57574EBB-504B-4465-9D00-0AF2F594D1BD}.Release|Any CPU.ActiveCfg = Release|Any CPU
		{57574EBB-504B-4465-9D00-0AF2F594D1BD}.Release|Any CPU.Build.0 = Release|Any CPU
	EndGlobalSection
	GlobalSection(SolutionProperties) = preSolution
		HideSolutionNode = FALSE
	EndGlobalSection
	GlobalSection(ExtensibilityGlobals) = postSolution
		SolutionGuid = {8E7FD322-A8A3-49E1-8D18-9B97A4F125DF}
	EndGlobalSection
EndGlobal
